
Microsoft Visual Studio Solution File, Format Version 12.00
# Visual Studio Version 17
VisualStudioVersion = 17.13.35818.85 d17.13
MinimumVisualStudioVersion = 10.0.40219.1
Project("{FAE04EC0-301F-11D3-BF4B-00C04F79EFBC}") = "Aplikasi Zakat", "Aplikasi Zakat\Aplikasi Zakat.csproj", "{4A46EBE9-BB0D-4306-9EBB-97BDA8AABDD3}"
EndProject
Global
	GlobalSection(SolutionConfigurationPlatforms) = preSolution
		Debug|Any CPU = Debug|Any CPU
		Release|Any CPU = Release|Any CPU
	EndGlobalSection
	GlobalSection(ProjectConfigurationPlatforms) = postSolution
		{4A46EBE9-BB0D-4306-9EBB-97BDA8AABDD3}.Debug|Any CPU.ActiveCfg = Debug|Any CPU
		{4A46EBE9-BB0D-4306-9EBB-97BDA8AABDD3}.Debug|Any CPU.Build.0 = Debug|Any CPU
		{4A46EBE9-BB0D-4306-9EBB-97BDA8AABDD3}.Release|Any CPU.ActiveCfg = Release|Any CPU
		{4A46EBE9-BB0D-4306-9EBB-97BDA8AABDD3}.Release|Any CPU.Build.0 = Release|Any CPU
	EndGlobalSection
	GlobalSection(SolutionProperties) = preSolution
		HideSolutionNode = FALSE
	EndGlobalSection
	GlobalSection(ExtensibilityGlobals) = postSolution
		SolutionGuid = {92440BF8-E623-4357-B8D0-EBC471B5BD7F}
	EndGlobalSection
EndGlobal
